# This file is generated by running "yarn install" inside your project.
# Manual changes might be lost - proceed with caution!

__metadata:
  version: 6
  cacheKey: 8

"@types/node@npm:^25.3.3":
  version: 25.3.3
  resolution: "@types/node@npm:25.3.3"
  dependencies:
    undici-types: ~7.18.0
  checksum: 9186aae36f8ddb0b3630dba446e5c16e5f3e6c5e7a4708d117a394d3e3b6f41db2dd83a6127adf4567826776a732ca9e2561594667bce74bb18ea4d59ee1e06a
  languageName: node
  linkType: hard

"multi-node-test@workspace:.":
  version: 0.0.0-use.local
  resolution: "multi-node-test@workspace:."
  dependencies:
    "@types/node": ^25.3.3
    typescript: ^5.9.3
  languageName: unknown
  linkType: soft

"typescript@npm:^5.9.3":
  version: 5.9.3
  resolution: "typescript@npm:5.9.3"
  bin:
    tsc: bin/tsc
    tsserver: bin/tsserver
  checksum: 0d0ffb84f2cd072c3e164c79a2e5a1a1f4f168e84cb2882ff8967b92afe1def6c2a91f6838fb58b168428f9458c57a2ba06a6737711fdd87a256bbe83e9a217f
  languageName: node
  linkType: hard

"typescript@patch:typescript@^5.9.3#~builtin<compat/typescript>":
  version: 5.9.3
  resolution: "typescript@patch:typescript@npm%3A5.9.3#~builtin<compat/typescript>::version=5.9.3&hash=5786d5"
  bin:
    tsc: bin/tsc
    tsserver: bin/tsserver
  checksum: a5a6dc399d3761ded54192031f11d3ad5df8001c7febe3fbbc8098efcb552cdf8f2f402b3618c56dafcd04fef63dee005f4900f608e185404caedc46480539ed
  languageName: node
  linkType: hard

"undici-types@npm:~7.18.0":
  version: 7.18.2
  resolution: "undici-types@npm:7.18.2"
  checksum: 23da306c8366574adec305b06a8519ab5c7d09e3f5d16c1a98709a34fae17da09ec95198f30f86c00055e02efa8bfcc843e84e8aebeb9b8d6bb3e06afccae07a
  languageName: node
  linkType: hard
